
Microsoft Visual Studio Solution File, Format Version 12.00
# Visual Studio Version 16
VisualStudioVersion = 16.0.29911.84
MinimumVisualStudioVersion = 10.0.40219.1
Project("{FAE04EC0-301F-11D3-BF4B-00C04F79EFBC}") = "Login", "Login.csproj", "{A1621607-1F23-4144-B9F7-DF2F241D7E8A}"
EndProject
Global
	GlobalSection(SolutionConfigurationPlatforms) = preSolution
		Debug|Any CPU = Debug|Any CPU
		Release|Any CPU = Release|Any CPU
	EndGlobalSection
	GlobalSection(ProjectConfigurationPlatforms) = postSolution
		{A1621607-1F23-4144-B9F7-DF2F241D7E8A}.Debug|Any CPU.ActiveCfg = Debug|Any CPU
		{A1621607-1F23-4144-B9F7-DF2F241D7E8A}.Debug|Any CPU.Build.0 = Debug|Any CPU
		{A1621607-1F23-4144-B9F7-DF2F241D7E8A}.Release|Any CPU.ActiveCfg = Release|Any CPU
		{A1621607-1F23-4144-B9F7-DF2F241D7E8A}.Release|Any CPU.Build.0 = Release|Any CPU
	EndGlobalSection
	GlobalSection(SolutionProperties) = preSolution
		HideSolutionNode = FALSE
	EndGlobalSection
	GlobalSection(ExtensibilityGlobals) = postSolution
		SolutionGuid = {DD1D6727-252C-4678-8CB4-F3355B4AF10A}
	EndGlobalSection
EndGlobal
